
Microsoft Visual Studio Solution File, Format Version 12.00
# Visual Studio Version 17
VisualStudioVersion = 17.7.34221.43
MinimumVisualStudioVersion = 10.0.40219.1
Project("{FAE04EC0-301F-11D3-BF4B-00C04F79EFBC}") = "UserManager.Data", "UserManager.Data\UserManager.Data.csproj", "{C6ABC16B-A85A-47E3-A920-BF477C40656F}"
EndProject
Project("{FAE04EC0-301F-11D3-BF4B-00C04F79EFBC}") = "UserManager.ViewModel", "UserManager.ViewModel\UserManager.ViewModel.csproj", "{FD9CB2C0-58BE-4538-A431-7F4C1CB87375}"
EndProject
Project("{FAE04EC0-301F-11D3-BF4B-00C04F79EFBC}") = "UserManager.WebApi", "UserManager.WebApi\UserManager.WebApi.csproj", "{B8AC0842-B7A8-4F38-9303-1C25531E1EE9}"
EndProject
Project("{FAE04EC0-301F-11D3-BF4B-00C04F79EFBC}") = "UserManager.Aplication", "UserManager.Aplication\UserManager.Aplication.csproj", "{266C87C6-7480-4B6C-9438-A391D92C2428}"
EndProject
Global
	GlobalSection(SolutionConfigurationPlatforms) = preSolution
		Debug|Any CPU = Debug|Any CPU
		Release|Any CPU = Release|Any CPU
	EndGlobalSection
	GlobalSection(ProjectConfigurationPlatforms) = postSolution
		{C6ABC16B-A85A-47E3-A920-BF477C40656F}.Debug|Any CPU.ActiveCfg = Debug|Any CPU
		{C6ABC16B-A85A-47E3-A920-BF477C40656F}.Debug|Any CPU.Build.0 = Debug|Any CPU
		{C6ABC16B-A85A-47E3-A920-BF477C40656F}.Release|Any CPU.ActiveCfg = Release|Any CPU
		{C6ABC16B-A85A-47E3-A920-BF477C40656F}.Release|Any CPU.Build.0 = Release|Any CPU
		{FD9CB2C0-58BE-4538-A431-7F4C1CB87375}.Debug|Any CPU.ActiveCfg = Debug|Any CPU
		{FD9CB2C0-58BE-4538-A431-7F4C1CB87375}.Debug|Any CPU.Build.0 = Debug|Any CPU
		{FD9CB2C0-58BE-4538-A431-7F4C1CB87375}.Release|Any CPU.ActiveCfg = Release|Any CPU
		{FD9CB2C0-58BE-4538-A431-7F4C1CB87375}.Release|Any CPU.Build.0 = Release|Any CPU
		{B8AC0842-B7A8-4F38-9303-1C25531E1EE9}.Debug|Any CPU.ActiveCfg = Debug|Any CPU
		{B8AC0842-B7A8-4F38-9303-1C25531E1EE9}.Debug|Any CPU.Build.0 = Debug|Any CPU
		{B8AC0842-B7A8-4F38-9303-1C25531E1EE9}.Release|Any CPU.ActiveCfg = Release|Any CPU
		{B8AC0842-B7A8-4F38-9303-1C25531E1EE9}.Release|Any CPU.Build.0 = Release|Any CPU
		{266C87C6-7480-4B6C-9438-A391D92C2428}.Debug|Any CPU.ActiveCfg = Debug|Any CPU
		{266C87C6-7480-4B6C-9438-A391D92C2428}.Debug|Any CPU.Build.0 = Debug|Any CPU
		{266C87C6-7480-4B6C-9438-A391D92C2428}.Release|Any CPU.ActiveCfg = Release|Any CPU
		{266C87C6-7480-4B6C-9438-A391D92C2428}.Release|Any CPU.Build.0 = Release|Any CPU
	EndGlobalSection
	GlobalSection(SolutionProperties) = preSolution
		HideSolutionNode = FALSE
	EndGlobalSection
	GlobalSection(ExtensibilityGlobals) = postSolution
		SolutionGuid = {4D531B41-A1FE-47A7-B7E7-77FFECD5462E}
	EndGlobalSection
EndGlobal
